// !$*UTF8*$!
{
	archiveVersion = 1;
	classes = {
	};
	objectVersion = 46;
	objects = {

/* Begin PBXBuildFile section */
		ADB29C74200CCC4C004B68F1 /* AppDelegate.swift in Sources */ = {isa = PBXBuildFile; fileRef = ADB29C73200CCC4C004B68F1 /* AppDelegate.swift */; };
		ADB29C79200CCC4C004B68F1 /* Main.storyboard in Resources */ = {isa = PBXBuildFile; fileRef = ADB29C77200CCC4C004B68F1 /* Main.storyboard */; };
		ADB29C7C200CCC4C004B68F1 /* Tabela_Formula_rio.xcdatamodeld in Sources */ = {isa = PBXBuildFile; fileRef = ADB29C7A200CCC4C004B68F1 /* Tabela_Formula_rio.xcdatamodeld */; };
		ADB29C7E200CCC4C004B68F1 /* Assets.xcassets in Resources */ = {isa = PBXBuildFile; fileRef = ADB29C7D200CCC4C004B68F1 /* Assets.xcassets */; };
		ADB29C81200CCC4C004B68F1 /* LaunchScreen.storyboard in Resources */ = {isa = PBXBuildFile; fileRef = ADB29C7F200CCC4C004B68F1 /* LaunchScreen.storyboard */; };
		ADB29C89200CD242004B68F1 /* TableViewController.swift in Sources */ = {isa = PBXBuildFile; fileRef = ADB29C88200CD242004B68F1 /* TableViewController.swift */; };
/* End PBXBuildFile section */

/* Begin PBXFileReference section */
		ADB29C70200CCC4C004B68F1 /* Tabela Formulário.app */ = {isa = PBXFileReference; explicitFileType = wrapper.application; includeInIndex = 0; path = "Tabela Formulário.app"; sourceTree = BUILT_PRODUCTS_DIR; };
		ADB29C73200CCC4C004B68F1 /* AppDelegate.swift */ = {isa = PBXFileReference; lastKnownFileType = sourcecode.swift; path = AppDelegate.swift; sourceTree = "<group>"; };
		ADB29C78200CCC4C004B68F1 /* Base */ = {isa = PBXFileReference; lastKnownFileType = file.storyboard; name = Base; path = Base.lproj/Main.storyboard; sourceTree = "<group>"; };
		ADB29C7B200CCC4C004B68F1 /* Tabela_Formula_rio.xcdatamodel */ = {isa = PBXFileReference; lastKnownFileType = wrapper.xcdatamodel; path = Tabela_Formula_rio.xcdatamodel; sourceTree = "<group>"; };
		ADB29C7D200CCC4C004B68F1 /* Assets.xcassets */ = {isa = PBXFileReference; lastKnownFileType = folder.assetcatalog; path = Assets.xcassets; sourceTree = "<group>"; };
		ADB29C80200CCC4C004B68F1 /* Base */ = {isa = PBXFileReference; lastKnownFileType = file.storyboard; name = Base; path = Base.lproj/LaunchScreen.storyboard; sourceTree = "<group>"; };
		ADB29C82200CCC4C004B68F1 /* Info.plist */ = {isa = PBXFileReference; lastKnownFileType = text.plist.xml; path = Info.plist; sourceTree = "<group>"; };
		ADB29C88200CD242004B68F1 /* TableViewController.swift */ = {isa = PBXFileReference; fileEncoding = 4; lastKnownFileType = sourcecode.swift; path = TableViewController.swift; sourceTree = "<group>"; };
/* End PBXFileReference section */

/* Begin PBXFrameworksBuildPhase section */
		ADB29C6D200CCC4C004B68F1 /* Frameworks */ = {
			isa = PBXFrameworksBuildPhase;
			buildActionMask = 2147483647;
			files = (
			);
			runOnlyForDeploymentPostprocessing = 0;
		};
/* End PBXFrameworksBuildPhase section */

/* Begin PBXGroup section */
		ADB29C67200CCC4C004B68F1 = {
			isa = PBXGroup;
			children = (
				ADB29C72200CCC4C004B68F1 /* Tabela Formulário */,
				ADB29C71200CCC4C004B68F1 /* Products */,
			);
			sourceTree = "<group>";
		};
		ADB29C71200CCC4C004B68F1 /* Products */ = {
			isa = PBXGroup;
			children = (
				ADB29C70200CCC4C004B68F1 /* Tabela Formulário.app */,
			);
			name = Products;
			sourceTree = "<group>";
		};
		ADB29C72200CCC4C004B68F1 /* Tabela Formulário */ = {
			isa = PBXGroup;
			children = (
				ADB29C73200CCC4C004B68F1 /* AppDelegate.swift */,
				ADB29C77200CCC4C004B68F1 /* Main.storyboard */,
				ADB29C7D200CCC4C004B68F1 /* Assets.xcassets */,
				ADB29C7F200CCC4C004B68F1 /* LaunchScreen.storyboard */,
				ADB29C82200CCC4C004B68F1 /* Info.plist */,
				ADB29C7A200CCC4C004B68F1 /* Tabela_Formula_rio.xcdatamodeld */,
				ADB29C88200CD242004B68F1 /* TableViewController.swift */,
			);
			path = "Tabela Formulário";
			sourceTree = "<group>";
		};
/* End PBXGroup section */

/* Begin PBXNativeTarget section */
		ADB29C6F200CCC4C004B68F1 /* Tabela Formulário */ = {
			isa = PBXNativeTarget;
			buildConfigurationList = ADB29C85200CCC4C004B68F1 /* Build configuration list for PBXNativeTarget "Tabela Formulário" */;
			buildPhases = (
				ADB29C6C200CCC4C004B68F1 /* Sources */,
				ADB29C6D200CCC4C004B68F1 /* Frameworks */,
				ADB29C6E200CCC4C004B68F1 /* Resources */,
			);
			buildRules = (
			);
			dependencies = (
			);
			name = "Tabela Formulário";
			productName = "Tabela Formulário";
			productReference = ADB29C70200CCC4C004B68F1 /* Tabela Formulário.app */;
			productType = "com.apple.product-type.application";
		};
/* End PBXNativeTarget section */

/* Begin PBXProject section */
		ADB29C68200CCC4C004B68F1 /* Project object */ = {
			isa = PBXProject;
			attributes = {
				LastSwiftUpdateCheck = 0830;
				LastUpgradeCheck = 0830;
				ORGANIZATIONNAME = "Cast Group";
				TargetAttributes = {
					ADB29C6F200CCC4C004B68F1 = {
						CreatedOnToolsVersion = 8.3.3;
						ProvisioningStyle = Automatic;
					};
				};
			};
			buildConfigurationList = ADB29C6B200CCC4C004B68F1 /* Build configuration list for PBXProject "Tabela Formulário" */;
			compatibilityVersion = "Xcode 3.2";
			developmentRegion = English;
			hasScannedForEncodings = 0;
			knownRegions = (
				en,
				Base,
			);
			mainGroup = ADB29C67200CCC4C004B68F1;
			productRefGroup = ADB29C71200CCC4C004B68F1 /* Products */;
			projectDirPath = "";
			projectRoot = "";
			targets = (
				ADB29C6F200CCC4C004B68F1 /* Tabela Formulário */,
			);
		};
/* End PBXProject section */

/* Begin PBXResourcesBuildPhase section */
		ADB29C6E200CCC4C004B68F1 /* Resources */ = {
			isa = PBXResourcesBuildPhase;
			buildActionMask = 2147483647;
			files = (
				ADB29C81200CCC4C004B68F1 /* LaunchScreen.storyboard in Resources */,
				ADB29C7E200CCC4C004B68F1 /* Assets.xcassets in Resources */,
				ADB29C79200CCC4C004B68F1 /* Main.storyboard in Resources */,
			);
			runOnlyForDeploymentPostprocessing = 0;
		};
/* End PBXResourcesBuildPhase section */

/* Begin PBXSourcesBuildPhase section */
		ADB29C6C200CCC4C004B68F1 /* Sources */ = {
			isa = PBXSourcesBuildPhase;
			buildActionMask = 2147483647;
			files = (
				ADB29C7C200CCC4C004B68F1 /* Tabela_Formula_rio.xcdatamodeld in Sources */,
				ADB29C89200CD242004B68F1 /* TableViewController.swift in Sources */,
				ADB29C74200CCC4C004B68F1 /* AppDelegate.swift in Sources */,
			);
			runOnlyForDeploymentPostprocessing = 0;
		};
/* End PBXSourcesBuildPhase section */

/* Begin PBXVariantGroup section */
		ADB29C77200CCC4C004B68F1 /* Main.storyboard */ = {
			isa = PBXVariantGroup;
			children = (
				ADB29C78200CCC4C004B68F1 /* Base */,
			);
			name = Main.storyboard;
			sourceTree = "<group>";
		};
		ADB29C7F200CCC4C004B68F1 /* LaunchScreen.storyboard */ = {
			isa = PBXVariantGroup;
			children = (
				ADB29C80200CCC4C004B68F1 /* Base */,
			);
			name = LaunchScreen.storyboard;
			sourceTree = "<group>";
		};
/* End PBXVariantGroup section */

/* Begin XCBuildConfiguration section */
		ADB29C83200CCC4C004B68F1 /* Debug */ = {
			isa = XCBuildConfiguration;
			buildSettings = {
				ALWAYS_SEARCH_USER_PATHS = NO;
				CLANG_ANALYZER_NONNULL = YES;
				CLANG_ANALYZER_NUMBER_OBJECT_CONVERSION = YES_AGGRESSIVE;
				CLANG_CXX_LANGUAGE_STANDARD = "gnu++0x";
				CLANG_CXX_LIBRARY = "libc++";
				CLANG_ENABLE_MODULES = YES;
				CLANG_ENABLE_OBJC_ARC = YES;
				CLANG_WARN_BOOL_CONVERSION = YES;
				CLANG_WARN_CONSTANT_CONVERSION = YES;
				CLANG_WARN_DIRECT_OBJC_ISA_USAGE = YES_ERROR;
				CLANG_WARN_DOCUMENTATION_COMMENTS = YES;
				CLANG_WARN_EMPTY_BODY = YES;
				CLANG_WARN_ENUM_CONVERSION = YES;
				CLANG_WARN_INFINITE_RECURSION = YES;
				CLANG_WARN_INT_CONVERSION = YES;
				CLANG_WARN_OBJC_ROOT_CLASS = YES_ERROR;
				CLANG_WARN_SUSPICIOUS_MOVE = YES;
				CLANG_WARN_UNREACHABLE_CODE = YES;
				CLANG_WARN__DUPLICATE_METHOD_MATCH = YES;
				"CODE_SIGN_IDENTITY[sdk=iphoneos*]" = "iPhone Developer";
				COPY_PHASE_STRIP = NO;
				DEBUG_INFORMATION_FORMAT = dwarf;
				ENABLE_STRICT_OBJC_MSGSEND = YES;
				ENABLE_TESTABILITY = YES;
				GCC_C_LANGUAGE_STANDARD = gnu99;
				GCC_DYNAMIC_NO_PIC = NO;
				GCC_NO_COMMON_BLOCKS = YES;
				GCC_OPTIMIZATION_LEVEL = 0;
				GCC_PREPROCESSOR_DEFINITIONS = (
					"DEBUG=1",
					"$(inherited)",
				);
				GCC_WARN_64_TO_32_BIT_CONVERSION = YES;
				GCC_WARN_ABOUT_RETURN_TYPE = YES_ERROR;
				GCC_WARN_UNDECLARED_SELECTOR = YES;
				GCC_WARN_UNINITIALIZED_AUTOS = YES_AGGRESSIVE;
				GCC_WARN_UNUSED_FUNCTION = YES;
				GCC_WARN_UNUSED_VARIABLE = YES;
				IPHONEOS_DEPLOYMENT_TARGET = 10.3;
				MTL_ENABLE_DEBUG_INFO = YES;
				ONLY_ACTIVE_ARCH = YES;
				SDKROOT = iphoneos;
				SWIFT_ACTIVE_COMPILATION_CONDITIONS = DEBUG;
				SWIFT_OPTIMIZATION_LEVEL = "-Onone";
			};
			name = Debug;
		};
		ADB29C84200CCC4C004B68F1 /* Release */ = {
			isa = XCBuildConfiguration;
			buildSettings = {
				ALWAYS_SEARCH_USER_PATHS = NO;
				CLANG_ANALYZER_NONNULL = YES;
				CLANG_ANALYZER_NUMBER_OBJECT_CONVERSION = YES_AGGRESSIVE;
				CLANG_CXX_LANGUAGE_STANDARD = "gnu++0x";
				CLANG_CXX_LIBRARY = "libc++";
				CLANG_ENABLE_MODULES = YES;
				CLANG_ENABLE_OBJC_ARC = YES;
				CLANG_WARN_BOOL_CONVERSION = YES;
				CLANG_WARN_CONSTANT_CONVERSION = YES;
				CLANG_WARN_DIRECT_OBJC_ISA_USAGE = YES_ERROR;
				CLANG_WARN_DOCUMENTATION_COMMENTS = YES;
				CLANG_WARN_EMPTY_BODY = YES;
				CLANG_WARN_ENUM_CONVERSION = YES;
				CLANG_WARN_INFINITE_RECURSION = YES;
				CLANG_WARN_INT_CONVERSION = YES;
				CLANG_WARN_OBJC_ROOT_CLASS = YES_ERROR;
				CLANG_WARN_SUSPICIOUS_MOVE = YES;
				CLANG_WARN_UNREACHABLE_CODE = YES;
				CLANG_WARN__DUPLICATE_METHOD_MATCH = YES;
				"CODE_SIGN_IDENTITY[sdk=iphoneos*]" = "iPhone Developer";
				COPY_PHASE_STRIP = NO;
				DEBUG_INFORMATION_FORMAT = "dwarf-with-dsym";
				ENABLE_NS_ASSERTIONS = NO;
				ENABLE_STRICT_OBJC_MSGSEND = YES;
				GCC_C_LANGUAGE_STANDARD = gnu99;
				GCC_NO_COMMON_BLOCKS = YES;
				GCC_WARN_64_TO_32_BIT_CONVERSION = YES;
				GCC_WARN_ABOUT_RETURN_TYPE = YES_ERROR;
				GCC_WARN_UNDECLARED_SELECTOR = YES;
				GCC_WARN_UNINITIALIZED_AUTOS = YES_AGGRESSIVE;
				GCC_WARN_UNUSED_FUNCTION = YES;
				GCC_WARN_UNUSED_VARIABLE = YES;
				IPHONEOS_DEPLOYMENT_TARGET = 10.3;
				MTL_ENABLE_DEBUG_INFO = NO;
				SDKROOT = iphoneos;
				SWIFT_OPTIMIZATION_LEVEL = "-Owholemodule";
				VALIDATE_PRODUCT = YES;
			};
			name = Release;
		};
		ADB29C86200CCC4C004B68F1 /* Debug */ = {
			isa = XCBuildConfiguration;
			buildSettings = {
				ASSETCATALOG_COMPILER_APPICON_NAME = AppIcon;
				INFOPLIST_FILE = "Tabela Formulário/Info.plist";
				LD_RUNPATH_SEARCH_PATHS = "$(inherited) @executable_path/Frameworks";
				PRODUCT_BUNDLE_IDENTIFIER = "br.com.castgroup.Tabela-Formula-rio";
				PRODUCT_NAME = "$(TARGET_NAME)";
				SWIFT_VERSION = 3.0;
			};
			name = Debug;
		};
		ADB29C87200CCC4C004B68F1 /* Release */ = {
			isa = XCBuildConfiguration;
			buildSettings = {
				ASSETCATALOG_COMPILER_APPICON_NAME = AppIcon;
				INFOPLIST_FILE = "Tabela Formulário/Info.plist";
				LD_RUNPATH_SEARCH_PATHS = "$(inherited) @executable_path/Frameworks";
				PRODUCT_BUNDLE_IDENTIFIER = "br.com.castgroup.Tabela-Formula-rio";
				PRODUCT_NAME = "$(TARGET_NAME)";
				SWIFT_VERSION = 3.0;
			};
			name = Release;
		};
/* End XCBuildConfiguration section */

/* Begin XCConfigurationList section */
		ADB29C6B200CCC4C004B68F1 /* Build configuration list for PBXProject "Tabela Formulário" */ = {
			isa = XCConfigurationList;
			buildConfigurations = (
				ADB29C83200CCC4C004B68F1 /* Debug */,
				ADB29C84200CCC4C004B68F1 /* Release */,
			);
			defaultConfigurationIsVisible = 0;
			defaultConfigurationName = Release;
		};
		ADB29C85200CCC4C004B68F1 /* Build configuration list for PBXNativeTarget "Tabela Formulário" */ = {
			isa = XCConfigurationList;
			buildConfigurations = (
				ADB29C86200CCC4C004B68F1 /* Debug */,
				ADB29C87200CCC4C004B68F1 /* Release */,
			);
			defaultConfigurationIsVisible = 0;
		};
/* End XCConfigurationList section */

/* Begin XCVersionGroup section */
		ADB29C7A200CCC4C004B68F1 /* Tabela_Formula_rio.xcdatamodeld */ = {
			isa = XCVersionGroup;
			children = (
				ADB29C7B200CCC4C004B68F1 /* Tabela_Formula_rio.xcdatamodel */,
			);
			currentVersion = ADB29C7B200CCC4C004B68F1 /* Tabela_Formula_rio.xcdatamodel */;
			path = Tabela_Formula_rio.xcdatamodeld;
			sourceTree = "<group>";
			versionGroupType = wrapper.xcdatamodel;
		};
/* End XCVersionGroup section */
	};
	rootObject = ADB29C68200CCC4C004B68F1 /* Project object */;
}
